
Microsoft Visual Studio Solution File, Format Version 12.00
# Visual Studio Version 16
VisualStudioVersion = 16.0.31205.134
MinimumVisualStudioVersion = 10.0.40219.1
Project("{9A19103F-16F7-4668-BE54-9A1E7A4F7556}") = "NythWebApp", "NythWebApp.csproj", "{3D1710BD-CC68-450B-AFCD-F1C08B07C4C7}"
EndProject
Project("{9A19103F-16F7-4668-BE54-9A1E7A4F7556}") = "NythAPI", "..\NythAPI\NythAPI.csproj", "{D5B68DF1-117E-457D-8E36-F5F73DBDA5C1}"
EndProject
Project("{FAE04EC0-301F-11D3-BF4B-00C04F79EFBC}") = "NythTest", "..\NythTest\NythTest.csproj", "{66EACDC2-6FA1-42BC-9F72-A3B1ABC48635}"
EndProject
Global
	GlobalSection(SolutionConfigurationPlatforms) = preSolution
		Debug|Any CPU = Debug|Any CPU
		Release|Any CPU = Release|Any CPU
	EndGlobalSection
	GlobalSection(ProjectConfigurationPlatforms) = postSolution
		{3D1710BD-CC68-450B-AFCD-F1C08B07C4C7}.Debug|Any CPU.ActiveCfg = Debug|Any CPU
		{3D1710BD-CC68-450B-AFCD-F1C08B07C4C7}.Debug|Any CPU.Build.0 = Debug|Any CPU
		{3D1710BD-CC68-450B-AFCD-F1C08B07C4C7}.Release|Any CPU.ActiveCfg = Release|Any CPU
		{3D1710BD-CC68-450B-AFCD-F1C08B07C4C7}.Release|Any CPU.Build.0 = Release|Any CPU
		{D5B68DF1-117E-457D-8E36-F5F73DBDA5C1}.Debug|Any CPU.ActiveCfg = Debug|Any CPU
		{D5B68DF1-117E-457D-8E36-F5F73DBDA5C1}.Debug|Any CPU.Build.0 = Debug|Any CPU
		{D5B68DF1-117E-457D-8E36-F5F73DBDA5C1}.Release|Any CPU.ActiveCfg = Release|Any CPU
		{D5B68DF1-117E-457D-8E36-F5F73DBDA5C1}.Release|Any CPU.Build.0 = Release|Any CPU
		{66EACDC2-6FA1-42BC-9F72-A3B1ABC48635}.Debug|Any CPU.ActiveCfg = Debug|Any CPU
		{66EACDC2-6FA1-42BC-9F72-A3B1ABC48635}.Debug|Any CPU.Build.0 = Debug|Any CPU
		{66EACDC2-6FA1-42BC-9F72-A3B1ABC48635}.Release|Any CPU.ActiveCfg = Release|Any CPU
		{66EACDC2-6FA1-42BC-9F72-A3B1ABC48635}.Release|Any CPU.Build.0 = Release|Any CPU
	EndGlobalSection
	GlobalSection(SolutionProperties) = preSolution
		HideSolutionNode = FALSE
	EndGlobalSection
	GlobalSection(ExtensibilityGlobals) = postSolution
		SolutionGuid = {0A399A14-C407-45D6-9C80-23089D59C396}
	EndGlobalSection
EndGlobal
